
Microsoft Visual Studio Solution File, Format Version 12.00
# Visual Studio 2013
VisualStudioVersion = 12.0.21005.1
MinimumVisualStudioVersion = 10.0.40219.1
Project("{FAE04EC0-301F-11D3-BF4B-00C04F79EFBC}") = "FigLib", "FigLib\FigLib.csproj", "{23AAF81E-0BB9-4844-A808-E369A658CE91}"
EndProject
Project("{FAE04EC0-301F-11D3-BF4B-00C04F79EFBC}") = "FigLib.Test", "FigLib.Test\FigLib.Test.csproj", "{DABD6703-A5F3-429E-8EF7-7FB8C14F98EF}"
	ProjectSection(ProjectDependencies) = postProject
		{23AAF81E-0BB9-4844-A808-E369A658CE91} = {23AAF81E-0BB9-4844-A808-E369A658CE91}
	EndProjectSection
EndProject
Global
	GlobalSection(SolutionConfigurationPlatforms) = preSolution
		Debug|Any CPU = Debug|Any CPU
		Release|Any CPU = Release|Any CPU
	EndGlobalSection
	GlobalSection(ProjectConfigurationPlatforms) = postSolution
		{23AAF81E-0BB9-4844-A808-E369A658CE91}.Debug|Any CPU.ActiveCfg = Debug|Any CPU
		{23AAF81E-0BB9-4844-A808-E369A658CE91}.Debug|Any CPU.Build.0 = Debug|Any CPU
		{23AAF81E-0BB9-4844-A808-E369A658CE91}.Release|Any CPU.ActiveCfg = Release|Any CPU
		{23AAF81E-0BB9-4844-A808-E369A658CE91}.Release|Any CPU.Build.0 = Release|Any CPU
		{DABD6703-A5F3-429E-8EF7-7FB8C14F98EF}.Debug|Any CPU.ActiveCfg = Debug|Any CPU
		{DABD6703-A5F3-429E-8EF7-7FB8C14F98EF}.Debug|Any CPU.Build.0 = Debug|Any CPU
		{DABD6703-A5F3-429E-8EF7-7FB8C14F98EF}.Release|Any CPU.ActiveCfg = Release|Any CPU
		{DABD6703-A5F3-429E-8EF7-7FB8C14F98EF}.Release|Any CPU.Build.0 = Release|Any CPU
	EndGlobalSection
	GlobalSection(SolutionProperties) = preSolution
		HideSolutionNode = FALSE
	EndGlobalSection
EndGlobal
